
Microsoft Visual Studio Solution File, Format Version 12.00
# Visual Studio Version 16
VisualStudioVersion = 16.0.33027.164
MinimumVisualStudioVersion = 10.0.40219.1
Project("{FAE04EC0-301F-11D3-BF4B-00C04F79EFBC}") = "TeduShop.Common", "TeduShop.Common\TeduShop.Common.csproj", "{38AFC3D1-CFBC-45BB-99B9-2A9ACE96FB91}"
EndProject
Project("{FAE04EC0-301F-11D3-BF4B-00C04F79EFBC}") = "TeduShop.Model", "TeduShop.Model\TeduShop.Model.csproj", "{94D56C7B-EA88-4B5D-BABE-451AB1CAF47C}"
EndProject
Project("{FAE04EC0-301F-11D3-BF4B-00C04F79EFBC}") = "TeduShop.Data", "TeduShop.Data\TeduShop.Data.csproj", "{6ED32E65-3252-47A5-B624-29FED9085EE2}"
EndProject
Project("{FAE04EC0-301F-11D3-BF4B-00C04F79EFBC}") = "TeduShop.Service", "TeduShop.Service\TeduShop.Service.csproj", "{BE765A1A-293F-498B-90B7-5750008008E8}"
EndProject
Project("{FAE04EC0-301F-11D3-BF4B-00C04F79EFBC}") = "TeduShop.UnitTest", "TeduShop.UnitTest\TeduShop.UnitTest.csproj", "{CA47339C-1906-415A-90FD-A481B726515E}"
EndProject
Project("{FAE04EC0-301F-11D3-BF4B-00C04F79EFBC}") = "TeduShop.Web", "TeduShop.Web\TeduShop.Web.csproj", "{30AFE1DE-ADA7-4721-8885-A17D0101C3CE}"
EndProject
Global
	GlobalSection(SolutionConfigurationPlatforms) = preSolution
		Debug|Any CPU = Debug|Any CPU
		Release|Any CPU = Release|Any CPU
	EndGlobalSection
	GlobalSection(ProjectConfigurationPlatforms) = postSolution
		{38AFC3D1-CFBC-45BB-99B9-2A9ACE96FB91}.Debug|Any CPU.ActiveCfg = Debug|Any CPU
		{38AFC3D1-CFBC-45BB-99B9-2A9ACE96FB91}.Debug|Any CPU.Build.0 = Debug|Any CPU
		{38AFC3D1-CFBC-45BB-99B9-2A9ACE96FB91}.Release|Any CPU.ActiveCfg = Release|Any CPU
		{38AFC3D1-CFBC-45BB-99B9-2A9ACE96FB91}.Release|Any CPU.Build.0 = Release|Any CPU
		{94D56C7B-EA88-4B5D-BABE-451AB1CAF47C}.Debug|Any CPU.ActiveCfg = Debug|Any CPU
		{94D56C7B-EA88-4B5D-BABE-451AB1CAF47C}.Debug|Any CPU.Build.0 = Debug|Any CPU
		{94D56C7B-EA88-4B5D-BABE-451AB1CAF47C}.Release|Any CPU.ActiveCfg = Release|Any CPU
		{94D56C7B-EA88-4B5D-BABE-451AB1CAF47C}.Release|Any CPU.Build.0 = Release|Any CPU
		{6ED32E65-3252-47A5-B624-29FED9085EE2}.Debug|Any CPU.ActiveCfg = Debug|Any CPU
		{6ED32E65-3252-47A5-B624-29FED9085EE2}.Debug|Any CPU.Build.0 = Debug|Any CPU
		{6ED32E65-3252-47A5-B624-29FED9085EE2}.Release|Any CPU.ActiveCfg = Release|Any CPU
		{6ED32E65-3252-47A5-B624-29FED9085EE2}.Release|Any CPU.Build.0 = Release|Any CPU
		{BE765A1A-293F-498B-90B7-5750008008E8}.Debug|Any CPU.ActiveCfg = Debug|Any CPU
		{BE765A1A-293F-498B-90B7-5750008008E8}.Debug|Any CPU.Build.0 = Debug|Any CPU
		{BE765A1A-293F-498B-90B7-5750008008E8}.Release|Any CPU.ActiveCfg = Release|Any CPU
		{BE765A1A-293F-498B-90B7-5750008008E8}.Release|Any CPU.Build.0 = Release|Any CPU
		{CA47339C-1906-415A-90FD-A481B726515E}.Debug|Any CPU.ActiveCfg = Debug|Any CPU
		{CA47339C-1906-415A-90FD-A481B726515E}.Debug|Any CPU.Build.0 = Debug|Any CPU
		{CA47339C-1906-415A-90FD-A481B726515E}.Release|Any CPU.ActiveCfg = Release|Any CPU
		{CA47339C-1906-415A-90FD-A481B726515E}.Release|Any CPU.Build.0 = Release|Any CPU
		{30AFE1DE-ADA7-4721-8885-A17D0101C3CE}.Debug|Any CPU.ActiveCfg = Debug|Any CPU
		{30AFE1DE-ADA7-4721-8885-A17D0101C3CE}.Debug|Any CPU.Build.0 = Debug|Any CPU
		{30AFE1DE-ADA7-4721-8885-A17D0101C3CE}.Release|Any CPU.ActiveCfg = Release|Any CPU
		{30AFE1DE-ADA7-4721-8885-A17D0101C3CE}.Release|Any CPU.Build.0 = Release|Any CPU
	EndGlobalSection
	GlobalSection(SolutionProperties) = preSolution
		HideSolutionNode = FALSE
	EndGlobalSection
	GlobalSection(ExtensibilityGlobals) = postSolution
		SolutionGuid = {FCDCA39E-9004-471E-9F6C-D947F8F8A310}
	EndGlobalSection
EndGlobal
